
Microsoft Visual Studio Solution File, Format Version 12.00
# Visual Studio Version 16
VisualStudioVersion = 16.0.30320.27
MinimumVisualStudioVersion = 10.0.40219.1
Project("{FAE04EC0-301F-11D3-BF4B-00C04F79EFBC}") = "Assembly-CSharp", "Assembly-CSharp.csproj", "{5E887923-75D8-4EC2-92E4-32F1FD2DB2DC}"
EndProject
Global
	GlobalSection(SolutionConfigurationPlatforms) = preSolution
		Debug|Any CPU = Debug|Any CPU
		Release|Any CPU = Release|Any CPU
	EndGlobalSection
	GlobalSection(ProjectConfigurationPlatforms) = postSolution
		{5E887923-75D8-4EC2-92E4-32F1FD2DB2DC}.Debug|Any CPU.ActiveCfg = Debug|Any CPU
		{5E887923-75D8-4EC2-92E4-32F1FD2DB2DC}.Debug|Any CPU.Build.0 = Debug|Any CPU
		{5E887923-75D8-4EC2-92E4-32F1FD2DB2DC}.Release|Any CPU.ActiveCfg = Release|Any CPU
		{5E887923-75D8-4EC2-92E4-32F1FD2DB2DC}.Release|Any CPU.Build.0 = Release|Any CPU
	EndGlobalSection
	GlobalSection(SolutionProperties) = preSolution
		HideSolutionNode = FALSE
	EndGlobalSection
	GlobalSection(ExtensibilityGlobals) = postSolution
		SolutionGuid = {F890FCFA-3A3A-4B1F-B2A8-5635E6975558}
	EndGlobalSection
EndGlobal
