<?xml version="1.0" encoding="utf-8"?>
<Project ToolsVersion="4.0" xmlns="http://schemas.microsoft.com/developer/msbuild/2003">
  <ItemGroup>
    <Filter Include="Sources">
      <UniqueIdentifier>{8b7ed093-66ce-4096-96d2-fbb9faa4bf52}</UniqueIdentifier>
    </Filter>
    <Filter Include="Sources\Modules">
      <UniqueIdentifier>{7b418be2-1631-4a31-9ef2-8a8b234a7339}</UniqueIdentifier>
    </Filter>
    <Filter Include="Sources\Containers">
      <UniqueIdentifier>{afc36133-f401-499a-aa33-0da1e500fb52}</UniqueIdentifier>
    </Filter>
    <Filter Include="Sources\Tools">
      <UniqueIdentifier>{7e4dfaf7-022c-4f7d-92aa-f3b3fa9d6248}</UniqueIdentifier>
    </Filter>
    <Filter Include="Sources\Helpers">
      <UniqueIdentifier>{121f8e6b-df36-4ab0-be0d-601ddfc9e503}</UniqueIdentifier>
    </Filter>
    <Filter Include="Externals">
      <UniqueIdentifier>{01460cb6-69f9-406c-ad49-001d06e0e28c}</UniqueIdentifier>
    </Filter>
    <Filter Include="Externals\ImGui">
      <UniqueIdentifier>{d0532e0a-949f-4fa2-9ca1-3c0c2e4f3512}</UniqueIdentifier>
    </Filter>
    <Filter Include="Sources\Tools\MMath">
      <UniqueIdentifier>{df17df8b-ee01-4043-8b01-4df44a76c89d}</UniqueIdentifier>
    </Filter>
    <Filter Include="Sources\Editor">
      <UniqueIdentifier>{75a56bd2-2f1a-414c-a33f-34ff4b8dd012}</UniqueIdentifier>
    </Filter>
    <Filter Include="Sources\Editor\Windows">
      <UniqueIdentifier>{42c4372c-1c8f-42f2-b33a-54b02dd58a09}</UniqueIdentifier>
    </Filter>
    <Filter Include="Sources\Editor\Windows\Base">
      <UniqueIdentifier>{b095445e-5215-4de2-a6ef-15a348ff7cae}</UniqueIdentifier>
    </Filter>
    <Filter Include="Sources\Editor\Windows\Derived">
      <UniqueIdentifier>{3ddf461c-663f-41e9-afb5-dba7922c1012}</UniqueIdentifier>
    </Filter>
    <Filter Include="Externals\MathGeoLib">
      <UniqueIdentifier>{ea1362cf-f0e8-4042-b766-f00c500c6979}</UniqueIdentifier>
    </Filter>
    <Filter Include="Externals\MathGeoLib\Time">
      <UniqueIdentifier>{75fae213-4124-4a96-8de4-38995df8f67b}</UniqueIdentifier>
    </Filter>
    <Filter Include="Externals\MathGeoLib\Math">
      <UniqueIdentifier>{6d1c0066-8f2e-4902-9edb-d9df24cd0dd9}</UniqueIdentifier>
    </Filter>
    <Filter Include="Externals\MathGeoLib\Geometry">
      <UniqueIdentifier>{40d5f29e-10b3-440e-adb6-c5002a6ffa8d}</UniqueIdentifier>
    </Filter>
    <Filter Include="Externals\MathGeoLib\Algorithm">
      <UniqueIdentifier>{e0c08ae8-73d8-4629-9446-13e70164998c}</UniqueIdentifier>
    </Filter>
    <Filter Include="Externals\MathGeoLib\Algorithm\Random">
      <UniqueIdentifier>{15176629-d637-47cb-9585-27372e936ae6}</UniqueIdentifier>
    </Filter>
    <Filter Include="Externals\parson">
      <UniqueIdentifier>{c53631bc-2e0b-4503-8068-fe913a4ad9f9}</UniqueIdentifier>
    </Filter>
  </ItemGroup>
  <ItemGroup>
    <ClInclude Include="Source Code\Globals.h">
      <Filter>Sources</Filter>
    </ClInclude>
    <ClInclude Include="Source Code\Application.h">
      <Filter>Sources</Filter>
    </ClInclude>
    <ClInclude Include="Source Code\Timer.h">
      <Filter>Sources\Tools</Filter>
    </ClInclude>
    <ClInclude Include="Source Code\Color.h">
      <Filter>Sources\Containers</Filter>
    </ClInclude>
    <ClInclude Include="Source Code\glmath.h">
      <Filter>Sources\Containers</Filter>
    </ClInclude>
    <ClInclude Include="Source Code\Primitive.h">
      <Filter>Sources\Helpers</Filter>
    </ClInclude>
    <ClInclude Include="Source Code\ModuleInput.h">
      <Filter>Sources\Modules</Filter>
    </ClInclude>
    <ClInclude Include="Source Code\ModuleRenderer3D.h">
      <Filter>Sources\Modules</Filter>
    </ClInclude>
    <ClInclude Include="Source Code\ModuleWindow.h">
      <Filter>Sources\Modules</Filter>
    </ClInclude>
    <ClInclude Include="Source Code\Module.h">
      <Filter>Sources\Modules</Filter>
    </ClInclude>
    <ClInclude Include="Source Code\ModuleCamera3D.h">
      <Filter>Sources\Modules</Filter>
    </ClInclude>
    <ClInclude Include="Source Code\EngineVersion.h">
      <Filter>Sources\Tools</Filter>
    </ClInclude>
    <ClInclude Include="Source Code\External Libraries\ImGui\imgui_impl_opengl3.h">
      <Filter>Externals\ImGui</Filter>
    </ClInclude>
    <ClInclude Include="Source Code\External Libraries\ImGui\imgui_impl_sdl.h">
      <Filter>Externals\ImGui</Filter>
    </ClInclude>
    <ClInclude Include="Source Code\External Libraries\ImGui\imgui_internal.h">
      <Filter>Externals\ImGui</Filter>
    </ClInclude>
    <ClInclude Include="Source Code\External Libraries\ImGui\imstb_rectpack.h">
      <Filter>Externals\ImGui</Filter>
    </ClInclude>
    <ClInclude Include="Source Code\External Libraries\ImGui\imstb_textedit.h">
      <Filter>Externals\ImGui</Filter>
    </ClInclude>
    <ClInclude Include="Source Code\External Libraries\ImGui\imstb_truetype.h">
      <Filter>Externals\ImGui</Filter>
    </ClInclude>
    <ClInclude Include="Source Code\External Libraries\ImGui\imconfig.h">
      <Filter>Externals\ImGui</Filter>
    </ClInclude>
    <ClInclude Include="Source Code\External Libraries\ImGui\imgui.h">
      <Filter>Externals\ImGui</Filter>
    </ClInclude>
    <ClInclude Include="Source Code\M_Editor.h">
      <Filter>Sources\Modules</Filter>
    </ClInclude>
    <ClInclude Include="Source Code\MaykMath.h">
      <Filter>Sources\Tools\MMath</Filter>
    </ClInclude>
    <ClInclude Include="Source Code\OpenGL.h">
      <Filter>Sources\Tools</Filter>
    </ClInclude>
    <ClInclude Include="Source Code\Window.h">
      <Filter>Sources\Editor\Windows\Base</Filter>
    </ClInclude>
    <ClInclude Include="Source Code\W_Configuration.h">
      <Filter>Sources\Editor\Windows\Derived</Filter>
    </ClInclude>
    <ClInclude Include="Source Code\Light.h">
      <Filter>Sources\Helpers</Filter>
    </ClInclude>
    <ClInclude Include="Source Code\W_Console.h">
      <Filter>Sources\Editor\Windows\Derived</Filter>
    </ClInclude>
    <ClInclude Include="Source Code\External Libraries\MathGeoLib\include\MathBuildConfig.h">
      <Filter>Externals\MathGeoLib</Filter>
    </ClInclude>
    <ClInclude Include="Source Code\External Libraries\MathGeoLib\include\MathGeoLib.h">
      <Filter>Externals\MathGeoLib</Filter>
    </ClInclude>
    <ClInclude Include="Source Code\External Libraries\MathGeoLib\include\MathGeoLibFwd.h">
      <Filter>Externals\MathGeoLib</Filter>
    </ClInclude>
    <ClInclude Include="Source Code\External Libraries\MathGeoLib\include\Time\Clock.h">
      <Filter>Externals\MathGeoLib\Time</Filter>
    </ClInclude>
    <ClInclude Include="Source Code\External Libraries\MathGeoLib\include\Math\MatrixProxy.h">
      <Filter>Externals\MathGeoLib\Math</Filter>
    </ClInclude>
    <ClInclude Include="Source Code\External Libraries\MathGeoLib\include\Math\myassert.h">
      <Filter>Externals\MathGeoLib\Math</Filter>
    </ClInclude>
    <ClInclude Include="Source Code\External Libraries\MathGeoLib\include\Math\Polynomial.h">
      <Filter>Externals\MathGeoLib\Math</Filter>
    </ClInclude>
    <ClInclude Include="Source Code\External Libraries\MathGeoLib\include\Math\Quat.h">
      <Filter>Externals\MathGeoLib\Math</Filter>
    </ClInclude>
    <ClInclude Include="Source Code\External Libraries\MathGeoLib\include\Math\quat_simd.h">
      <Filter>Externals\MathGeoLib\Math</Filter>
    </ClInclude>
    <ClInclude Include="Source Code\External Libraries\MathGeoLib\include\Math\Rect.h">
      <Filter>Externals\MathGeoLib\Math</Filter>
    </ClInclude>
    <ClInclude Include="Source Code\External Libraries\MathGeoLib\include\Math\Reinterpret.h">
      <Filter>Externals\MathGeoLib\Math</Filter>
    </ClInclude>
    <ClInclude Include="Source Code\External Libraries\MathGeoLib\include\Math\sse_mathfun.h">
      <Filter>Externals\MathGeoLib\Math</Filter>
    </ClInclude>
    <ClInclude Include="Source Code\External Libraries\MathGeoLib\include\Math\SSEMath.h">
      <Filter>Externals\MathGeoLib\Math</Filter>
    </ClInclude>
    <ClInclude Include="Source Code\External Libraries\MathGeoLib\include\Math\TransformOps.h">
      <Filter>Externals\MathGeoLib\Math</Filter>
    </ClInclude>
    <ClInclude Include="Source Code\External Libraries\MathGeoLib\include\Math\assume.h">
      <Filter>Externals\MathGeoLib\Math</Filter>
    </ClInclude>
    <ClInclude Include="Source Code\External Libraries\MathGeoLib\include\Math\BitOps.h">
      <Filter>Externals\MathGeoLib\Math</Filter>
    </ClInclude>
    <ClInclude Include="Source Code\External Libraries\MathGeoLib\include\Math\Complex.h">
      <Filter>Externals\MathGeoLib\Math</Filter>
    </ClInclude>
    <ClInclude Include="Source Code\External Libraries\MathGeoLib\include\Math\CoordinateAxisConvention.h">
      <Filter>Externals\MathGeoLib\Math</Filter>
    </ClInclude>
    <ClInclude Include="Source Code\External Libraries\MathGeoLib\include\Math\FixedPoint.h">
      <Filter>Externals\MathGeoLib\Math</Filter>
    </ClInclude>
    <ClInclude Include="Source Code\External Libraries\MathGeoLib\include\Math\float2.h">
      <Filter>Externals\MathGeoLib\Math</Filter>
    </ClInclude>
    <ClInclude Include="Source Code\External Libraries\MathGeoLib\include\Math\float3.h">
      <Filter>Externals\MathGeoLib\Math</Filter>
    </ClInclude>
    <ClInclude Include="Source Code\External Libraries\MathGeoLib\include\Math\float3x3.h">
      <Filter>Externals\MathGeoLib\Math</Filter>
    </ClInclude>
    <ClInclude Include="Source Code\External Libraries\MathGeoLib\include\Math\float3x4.h">
      <Filter>Externals\MathGeoLib\Math</Filter>
    </ClInclude>
    <ClInclude Include="Source Code\External Libraries\MathGeoLib\include\Math\float4.h">
      <Filter>Externals\MathGeoLib\Math</Filter>
    </ClInclude>
    <ClInclude Include="Source Code\External Libraries\MathGeoLib\include\Math\float4_neon.h">
      <Filter>Externals\MathGeoLib\Math</Filter>
    </ClInclude>
    <ClInclude Include="Source Code\External Libraries\MathGeoLib\include\Math\float4_sse.h">
      <Filter>Externals\MathGeoLib\Math</Filter>
    </ClInclude>
    <ClInclude Include="Source Code\External Libraries\MathGeoLib\include\Math\float4x4.h">
      <Filter>Externals\MathGeoLib\Math</Filter>
    </ClInclude>
    <ClInclude Include="Source Code\External Libraries\MathGeoLib\include\Math\float4x4_neon.h">
      <Filter>Externals\MathGeoLib\Math</Filter>
    </ClInclude>
    <ClInclude Include="Source Code\External Libraries\MathGeoLib\include\Math\float4x4_sse.h">
      <Filter>Externals\MathGeoLib\Math</Filter>
    </ClInclude>
    <ClInclude Include="Source Code\External Libraries\MathGeoLib\include\Math\FloatCmp.h">
      <Filter>Externals\MathGeoLib\Math</Filter>
    </ClInclude>
    <ClInclude Include="Source Code\External Libraries\MathGeoLib\include\Math\MathAll.h">
      <Filter>Externals\MathGeoLib\Math</Filter>
    </ClInclude>
    <ClInclude Include="Source Code\External Libraries\MathGeoLib\include\Math\MathConstants.h">
      <Filter>Externals\MathGeoLib\Math</Filter>
    </ClInclude>
    <ClInclude Include="Source Code\External Libraries\MathGeoLib\include\Math\MathFunc.h">
      <Filter>Externals\MathGeoLib\Math</Filter>
    </ClInclude>
    <ClInclude Include="Source Code\External Libraries\MathGeoLib\include\Math\MathLog.h">
      <Filter>Externals\MathGeoLib\Math</Filter>
    </ClInclude>
    <ClInclude Include="Source Code\External Libraries\MathGeoLib\include\Math\MathNamespace.h">
      <Filter>Externals\MathGeoLib\Math</Filter>
    </ClInclude>
    <ClInclude Include="Source Code\External Libraries\MathGeoLib\include\Math\MathTypes.h">
      <Filter>Externals\MathGeoLib\Math</Filter>
    </ClInclude>
    <ClInclude Include="Source Code\External Libraries\MathGeoLib\include\Geometry\Ray.h">
      <Filter>Externals\MathGeoLib\Geometry</Filter>
    </ClInclude>
    <ClInclude Include="Source Code\External Libraries\MathGeoLib\include\Geometry\Sphere.h">
      <Filter>Externals\MathGeoLib\Geometry</Filter>
    </ClInclude>
    <ClInclude Include="Source Code\External Libraries\MathGeoLib\include\Geometry\Triangle.h">
      <Filter>Externals\MathGeoLib\Geometry</Filter>
    </ClInclude>
    <ClInclude Include="Source Code\External Libraries\MathGeoLib\include\Geometry\TriangleMesh.h">
      <Filter>Externals\MathGeoLib\Geometry</Filter>
    </ClInclude>
    <ClInclude Include="Source Code\External Libraries\MathGeoLib\include\Geometry\AABB.h">
      <Filter>Externals\MathGeoLib\Geometry</Filter>
    </ClInclude>
    <ClInclude Include="Source Code\External Libraries\MathGeoLib\include\Geometry\AABB2D.h">
      <Filter>Externals\MathGeoLib\Geometry</Filter>
    </ClInclude>
    <ClInclude Include="Source Code\External Libraries\MathGeoLib\include\Geometry\Capsule.h">
      <Filter>Externals\MathGeoLib\Geometry</Filter>
    </ClInclude>
    <ClInclude Include="Source Code\External Libraries\MathGeoLib\include\Geometry\Circle.h">
      <Filter>Externals\MathGeoLib\Geometry</Filter>
    </ClInclude>
    <ClInclude Include="Source Code\External Libraries\MathGeoLib\include\Geometry\Cone.h">
      <Filter>Externals\MathGeoLib\Geometry</Filter>
    </ClInclude>
    <ClInclude Include="Source Code\External Libraries\MathGeoLib\include\Geometry\Cylinder.h">
      <Filter>Externals\MathGeoLib\Geometry</Filter>
    </ClInclude>
    <ClInclude Include="Source Code\External Libraries\MathGeoLib\include\Geometry\Frustum.h">
      <Filter>Externals\MathGeoLib\Geometry</Filter>
    </ClInclude>
    <ClInclude Include="Source Code\External Libraries\MathGeoLib\include\Geometry\GeometryAll.h">
      <Filter>Externals\MathGeoLib\Geometry</Filter>
    </ClInclude>
    <ClInclude Include="Source Code\External Libraries\MathGeoLib\include\Geometry\GeomType.h">
      <Filter>Externals\MathGeoLib\Geometry</Filter>
    </ClInclude>
    <ClInclude Include="Source Code\External Libraries\MathGeoLib\include\Geometry\HitInfo.h">
      <Filter>Externals\MathGeoLib\Geometry</Filter>
    </ClInclude>
    <ClInclude Include="Source Code\External Libraries\MathGeoLib\include\Geometry\KDTree.h">
      <Filter>Externals\MathGeoLib\Geometry</Filter>
    </ClInclude>
    <ClInclude Include="Source Code\External Libraries\MathGeoLib\include\Geometry\Line.h">
      <Filter>Externals\MathGeoLib\Geometry</Filter>
    </ClInclude>
    <ClInclude Include="Source Code\External Libraries\MathGeoLib\include\Geometry\LineSegment.h">
      <Filter>Externals\MathGeoLib\Geometry</Filter>
    </ClInclude>
    <ClInclude Include="Source Code\External Libraries\MathGeoLib\include\Geometry\OBB.h">
      <Filter>Externals\MathGeoLib\Geometry</Filter>
    </ClInclude>
    <ClInclude Include="Source Code\External Libraries\MathGeoLib\include\Geometry\PBVolume.h">
      <Filter>Externals\MathGeoLib\Geometry</Filter>
    </ClInclude>
    <ClInclude Include="Source Code\External Libraries\MathGeoLib\include\Geometry\Plane.h">
      <Filter>Externals\MathGeoLib\Geometry</Filter>
    </ClInclude>
    <ClInclude Include="Source Code\External Libraries\MathGeoLib\include\Geometry\Polygon.h">
      <Filter>Externals\MathGeoLib\Geometry</Filter>
    </ClInclude>
    <ClInclude Include="Source Code\External Libraries\MathGeoLib\include\Geometry\Polyhedron.h">
      <Filter>Externals\MathGeoLib\Geometry</Filter>
    </ClInclude>
    <ClInclude Include="Source Code\External Libraries\MathGeoLib\include\Geometry\QuadTree.h">
      <Filter>Externals\MathGeoLib\Geometry</Filter>
    </ClInclude>
    <ClInclude Include="Source Code\External Libraries\MathGeoLib\include\Algorithm\Random\LCG.h">
      <Filter>Externals\MathGeoLib\Algorithm\Random</Filter>
    </ClInclude>
    <ClInclude Include="Source Code\External Libraries\parson\parson.h">
      <Filter>Externals\parson</Filter>
    </ClInclude>
  </ItemGroup>
  <ItemGroup>
    <ClCompile Include="Source Code\Main.cpp">
      <Filter>Sources</Filter>
    </ClCompile>
    <ClCompile Include="Source Code\Application.cpp">
      <Filter>Sources</Filter>
    </ClCompile>
    <ClCompile Include="Source Code\log.cpp">
      <Filter>Sources\Tools</Filter>
    </ClCompile>
    <ClCompile Include="Source Code\Timer.cpp">
      <Filter>Sources\Tools</Filter>
    </ClCompile>
    <ClCompile Include="Source Code\Color.cpp">
      <Filter>Sources\Containers</Filter>
    </ClCompile>
    <ClCompile Include="Source Code\glmath.cpp">
      <Filter>Sources\Containers</Filter>
    </ClCompile>
    <ClCompile Include="Source Code\Primitive.cpp">
      <Filter>Sources\Helpers</Filter>
    </ClCompile>
    <ClCompile Include="Source Code\ModuleInput.cpp">
      <Filter>Sources\Modules</Filter>
    </ClCompile>
    <ClCompile Include="Source Code\ModuleRenderer3D.cpp">
      <Filter>Sources\Modules</Filter>
    </ClCompile>
    <ClCompile Include="Source Code\ModuleWindow.cpp">
      <Filter>Sources\Modules</Filter>
    </ClCompile>
    <ClCompile Include="Source Code\ModuleCamera3D.cpp">
      <Filter>Sources\Modules</Filter>
    </ClCompile>
    <ClCompile Include="Source Code\EngineVersion.cpp">
      <Filter>Sources\Tools</Filter>
    </ClCompile>
    <ClCompile Include="Source Code\External Libraries\ImGui\imgui_impl_opengl3.cpp">
      <Filter>Externals\ImGui</Filter>
    </ClCompile>
    <ClCompile Include="Source Code\External Libraries\ImGui\imgui_impl_sdl.cpp">
      <Filter>Externals\ImGui</Filter>
    </ClCompile>
    <ClCompile Include="Source Code\External Libraries\ImGui\imgui_widgets.cpp">
      <Filter>Externals\ImGui</Filter>
    </ClCompile>
    <ClCompile Include="Source Code\External Libraries\ImGui\imgui.cpp">
      <Filter>Externals\ImGui</Filter>
    </ClCompile>
    <ClCompile Include="Source Code\External Libraries\ImGui\imgui_demo.cpp">
      <Filter>Externals\ImGui</Filter>
    </ClCompile>
    <ClCompile Include="Source Code\External Libraries\ImGui\imgui_draw.cpp">
      <Filter>Externals\ImGui</Filter>
    </ClCompile>
    <ClCompile Include="Source Code\M_Editor.cpp">
      <Filter>Sources\Modules</Filter>
    </ClCompile>
    <ClCompile Include="Source Code\MaykMath.cpp">
      <Filter>Sources\Tools\MMath</Filter>
    </ClCompile>
    <ClCompile Include="Source Code\Window.cpp">
      <Filter>Sources\Editor\Windows\Base</Filter>
    </ClCompile>
    <ClCompile Include="Source Code\W_Configuration.cpp">
      <Filter>Sources\Editor\Windows\Derived</Filter>
    </ClCompile>
    <ClCompile Include="Source Code\Light.cpp">
      <Filter>Sources\Helpers</Filter>
    </ClCompile>
    <ClCompile Include="Source Code\W_Console.cpp">
      <Filter>Sources\Editor\Windows\Derived</Filter>
    </ClCompile>
    <ClCompile Include="Source Code\External Libraries\MathGeoLib\include\Time\Clock.cpp">
      <Filter>Externals\MathGeoLib\Time</Filter>
    </ClCompile>
    <ClCompile Include="Source Code\External Libraries\MathGeoLib\include\Math\Polynomial.cpp">
      <Filter>Externals\MathGeoLib\Math</Filter>
    </ClCompile>
    <ClCompile Include="Source Code\External Libraries\MathGeoLib\include\Math\Quat.cpp">
      <Filter>Externals\MathGeoLib\Math</Filter>
    </ClCompile>
    <ClCompile Include="Source Code\External Libraries\MathGeoLib\include\Math\SSEMath.cpp">
      <Filter>Externals\MathGeoLib\Math</Filter>
    </ClCompile>
    <ClCompile Include="Source Code\External Libraries\MathGeoLib\include\Math\TransformOps.cpp">
      <Filter>Externals\MathGeoLib\Math</Filter>
    </ClCompile>
    <ClCompile Include="Source Code\External Libraries\MathGeoLib\include\Math\BitOps.cpp">
      <Filter>Externals\MathGeoLib\Math</Filter>
    </ClCompile>
    <ClCompile Include="Source Code\External Libraries\MathGeoLib\include\Math\float2.cpp">
      <Filter>Externals\MathGeoLib\Math</Filter>
    </ClCompile>
    <ClCompile Include="Source Code\External Libraries\MathGeoLib\include\Math\float3.cpp">
      <Filter>Externals\MathGeoLib\Math</Filter>
    </ClCompile>
    <ClCompile Include="Source Code\External Libraries\MathGeoLib\include\Math\float3x3.cpp">
      <Filter>Externals\MathGeoLib\Math</Filter>
    </ClCompile>
    <ClCompile Include="Source Code\External Libraries\MathGeoLib\include\Math\float3x4.cpp">
      <Filter>Externals\MathGeoLib\Math</Filter>
    </ClCompile>
    <ClCompile Include="Source Code\External Libraries\MathGeoLib\include\Math\float4.cpp">
      <Filter>Externals\MathGeoLib\Math</Filter>
    </ClCompile>
    <ClCompile Include="Source Code\External Libraries\MathGeoLib\include\Math\float4x4.cpp">
      <Filter>Externals\MathGeoLib\Math</Filter>
    </ClCompile>
    <ClCompile Include="Source Code\External Libraries\MathGeoLib\include\Math\MathFunc.cpp">
      <Filter>Externals\MathGeoLib\Math</Filter>
    </ClCompile>
    <ClCompile Include="Source Code\External Libraries\MathGeoLib\include\Math\MathLog.cpp">
      <Filter>Externals\MathGeoLib\Math</Filter>
    </ClCompile>
    <ClCompile Include="Source Code\External Libraries\MathGeoLib\include\Math\MathOps.cpp">
      <Filter>Externals\MathGeoLib\Math</Filter>
    </ClCompile>
    <ClCompile Include="Source Code\External Libraries\MathGeoLib\include\Geometry\Ray.cpp">
      <Filter>Externals\MathGeoLib\Geometry</Filter>
    </ClCompile>
    <ClCompile Include="Source Code\External Libraries\MathGeoLib\include\Geometry\Sphere.cpp">
      <Filter>Externals\MathGeoLib\Geometry</Filter>
    </ClCompile>
    <ClCompile Include="Source Code\External Libraries\MathGeoLib\include\Geometry\Triangle.cpp">
      <Filter>Externals\MathGeoLib\Geometry</Filter>
    </ClCompile>
    <ClCompile Include="Source Code\External Libraries\MathGeoLib\include\Geometry\TriangleMesh.cpp">
      <Filter>Externals\MathGeoLib\Geometry</Filter>
    </ClCompile>
    <ClCompile Include="Source Code\External Libraries\MathGeoLib\include\Geometry\AABB.cpp">
      <Filter>Externals\MathGeoLib\Geometry</Filter>
    </ClCompile>
    <ClCompile Include="Source Code\External Libraries\MathGeoLib\include\Geometry\Capsule.cpp">
      <Filter>Externals\MathGeoLib\Geometry</Filter>
    </ClCompile>
    <ClCompile Include="Source Code\External Libraries\MathGeoLib\include\Geometry\Circle.cpp">
      <Filter>Externals\MathGeoLib\Geometry</Filter>
    </ClCompile>
    <ClCompile Include="Source Code\External Libraries\MathGeoLib\include\Geometry\Cone.cpp">
      <Filter>Externals\MathGeoLib\Geometry</Filter>
    </ClCompile>
    <ClCompile Include="Source Code\External Libraries\MathGeoLib\include\Geometry\Cylinder.cpp">
      <Filter>Externals\MathGeoLib\Geometry</Filter>
    </ClCompile>
    <ClCompile Include="Source Code\External Libraries\MathGeoLib\include\Geometry\Frustum.cpp">
      <Filter>Externals\MathGeoLib\Geometry</Filter>
    </ClCompile>
    <ClCompile Include="Source Code\External Libraries\MathGeoLib\include\Geometry\Line.cpp">
      <Filter>Externals\MathGeoLib\Geometry</Filter>
    </ClCompile>
    <ClCompile Include="Source Code\External Libraries\MathGeoLib\include\Geometry\LineSegment.cpp">
      <Filter>Externals\MathGeoLib\Geometry</Filter>
    </ClCompile>
    <ClCompile Include="Source Code\External Libraries\MathGeoLib\include\Geometry\OBB.cpp">
      <Filter>Externals\MathGeoLib\Geometry</Filter>
    </ClCompile>
    <ClCompile Include="Source Code\External Libraries\MathGeoLib\include\Geometry\Plane.cpp">
      <Filter>Externals\MathGeoLib\Geometry</Filter>
    </ClCompile>
    <ClCompile Include="Source Code\External Libraries\MathGeoLib\include\Geometry\Polygon.cpp">
      <Filter>Externals\MathGeoLib\Geometry</Filter>
    </ClCompile>
    <ClCompile Include="Source Code\External Libraries\MathGeoLib\include\Geometry\Polyhedron.cpp">
      <Filter>Externals\MathGeoLib\Geometry</Filter>
    </ClCompile>
    <ClCompile Include="Source Code\External Libraries\MathGeoLib\include\Algorithm\Random\LCG.cpp">
      <Filter>Externals\MathGeoLib\Algorithm\Random</Filter>
    </ClCompile>
    <ClCompile Include="Source Code\External Libraries\parson\parson.c">
      <Filter>Externals\parson</Filter>
    </ClCompile>
  </ItemGroup>
  <ItemGroup>
    <None Include="Source Code\External Libraries\MathGeoLib\include\Math\Matrix.inl">
      <Filter>Externals\MathGeoLib\Math</Filter>
    </None>
    <None Include="Source Code\External Libraries\MathGeoLib\include\Geometry\QuadTree.inl">
      <Filter>Externals\MathGeoLib\Geometry</Filter>
    </None>
    <None Include="Source Code\External Libraries\MathGeoLib\include\Geometry\TriangleMesh_IntersectRay_AVX.inl">
      <Filter>Externals\MathGeoLib\Geometry</Filter>
    </None>
    <None Include="Source Code\External Libraries\MathGeoLib\include\Geometry\TriangleMesh_IntersectRay_CPP.inl">
      <Filter>Externals\MathGeoLib\Geometry</Filter>
    </None>
    <None Include="Source Code\External Libraries\MathGeoLib\include\Geometry\TriangleMesh_IntersectRay_SSE.inl">
      <Filter>Externals\MathGeoLib\Geometry</Filter>
    </None>
    <None Include="Source Code\External Libraries\MathGeoLib\include\Geometry\KDTree.inl">
      <Filter>Externals\MathGeoLib\Geometry</Filter>
    </None>
  </ItemGroup>
</Project>